
Microsoft Visual Studio Solution File, Format Version 12.00
# Visual Studio 14
VisualStudioVersion = 14.0.24720.0
MinimumVisualStudioVersion = 10.0.40219.1
Project("{FAE04EC0-301F-11D3-BF4B-00C04F79EFBC}") = "Gitria.Webapp", "Gitria\Gitria.Webapp.csproj", "{6C8A905D-15EC-41BE-BD56-C1C238C57F64}"
EndProject
Project("{FAE04EC0-301F-11D3-BF4B-00C04F79EFBC}") = "Gitria.Api", "Gitria.Api\Gitria.Api.csproj", "{E86768B3-BE00-4AE4-BCC2-7046693FD951}"
EndProject
Project("{FAE04EC0-301F-11D3-BF4B-00C04F79EFBC}") = "Gitria.Core", "Gitria.Core\Gitria.Core.csproj", "{D476D030-66DB-4D18-AE41-6B7C09CD5966}"
EndProject
Global
	GlobalSection(SolutionConfigurationPlatforms) = preSolution
		Debug|Any CPU = Debug|Any CPU
		Release|Any CPU = Release|Any CPU
	EndGlobalSection
	GlobalSection(ProjectConfigurationPlatforms) = postSolution
		{6C8A905D-15EC-41BE-BD56-C1C238C57F64}.Debug|Any CPU.ActiveCfg = Debug|Any CPU
		{6C8A905D-15EC-41BE-BD56-C1C238C57F64}.Debug|Any CPU.Build.0 = Debug|Any CPU
		{6C8A905D-15EC-41BE-BD56-C1C238C57F64}.Release|Any CPU.ActiveCfg = Release|Any CPU
		{6C8A905D-15EC-41BE-BD56-C1C238C57F64}.Release|Any CPU.Build.0 = Release|Any CPU
		{E86768B3-BE00-4AE4-BCC2-7046693FD951}.Debug|Any CPU.ActiveCfg = Debug|Any CPU
		{E86768B3-BE00-4AE4-BCC2-7046693FD951}.Debug|Any CPU.Build.0 = Debug|Any CPU
		{E86768B3-BE00-4AE4-BCC2-7046693FD951}.Release|Any CPU.ActiveCfg = Release|Any CPU
		{E86768B3-BE00-4AE4-BCC2-7046693FD951}.Release|Any CPU.Build.0 = Release|Any CPU
		{D476D030-66DB-4D18-AE41-6B7C09CD5966}.Debug|Any CPU.ActiveCfg = Debug|Any CPU
		{D476D030-66DB-4D18-AE41-6B7C09CD5966}.Debug|Any CPU.Build.0 = Debug|Any CPU
		{D476D030-66DB-4D18-AE41-6B7C09CD5966}.Release|Any CPU.ActiveCfg = Release|Any CPU
		{D476D030-66DB-4D18-AE41-6B7C09CD5966}.Release|Any CPU.Build.0 = Release|Any CPU
	EndGlobalSection
	GlobalSection(SolutionProperties) = preSolution
		HideSolutionNode = FALSE
	EndGlobalSection
EndGlobal
